
Microsoft Visual Studio Solution File, Format Version 12.00
# Visual Studio 15
VisualStudioVersion = 15.0.26403.7
MinimumVisualStudioVersion = 10.0.40219.1
Project("{FAE04EC0-301F-11D3-BF4B-00C04F79EFBC}") = "WebPharmacy", "WebPharmacy\WebPharmacy.csproj", "{71EF0530-2DC3-41F4-9945-878F308EC41B}"
EndProject
Project("{00D1A9C2-B5F0-4AF3-8072-F6C62B433612}") = "WebPharmacyDB", "WebPharmacyDB\WebPharmacyDB.sqlproj", "{9035E593-D8A5-444C-9936-D1C8B197CBB0}"
EndProject
Project("{9A19103F-16F7-4668-BE54-9A1E7A4F7556}") = "ReflectionIT.Mvc.Paging", "ReflectionIT.Mvc.Paging\ReflectionIT.Mvc.Paging.csproj", "{326D4CE4-E64A-471C-8012-0D8E59D26ED0}"
EndProject
Project("{FAE04EC0-301F-11D3-BF4B-00C04F79EFBC}") = "WebPharmacy.Tests", "WebPharmacXUnitTestProject\WebPharmacy.Tests.csproj", "{E562D68D-99F8-4FB0-A481-1524DEDA7EE3}"
EndProject
Global
	GlobalSection(SolutionConfigurationPlatforms) = preSolution
		Debug|Any CPU = Debug|Any CPU
		Release|Any CPU = Release|Any CPU
	EndGlobalSection
	GlobalSection(ProjectConfigurationPlatforms) = postSolution
		{71EF0530-2DC3-41F4-9945-878F308EC41B}.Debug|Any CPU.ActiveCfg = Debug|Any CPU
		{71EF0530-2DC3-41F4-9945-878F308EC41B}.Debug|Any CPU.Build.0 = Debug|Any CPU
		{71EF0530-2DC3-41F4-9945-878F308EC41B}.Release|Any CPU.ActiveCfg = Release|Any CPU
		{71EF0530-2DC3-41F4-9945-878F308EC41B}.Release|Any CPU.Build.0 = Release|Any CPU
		{9035E593-D8A5-444C-9936-D1C8B197CBB0}.Debug|Any CPU.ActiveCfg = Debug|Any CPU
		{9035E593-D8A5-444C-9936-D1C8B197CBB0}.Debug|Any CPU.Build.0 = Debug|Any CPU
		{9035E593-D8A5-444C-9936-D1C8B197CBB0}.Debug|Any CPU.Deploy.0 = Debug|Any CPU
		{9035E593-D8A5-444C-9936-D1C8B197CBB0}.Release|Any CPU.ActiveCfg = Release|Any CPU
		{9035E593-D8A5-444C-9936-D1C8B197CBB0}.Release|Any CPU.Build.0 = Release|Any CPU
		{9035E593-D8A5-444C-9936-D1C8B197CBB0}.Release|Any CPU.Deploy.0 = Release|Any CPU
		{326D4CE4-E64A-471C-8012-0D8E59D26ED0}.Debug|Any CPU.ActiveCfg = Debug|Any CPU
		{326D4CE4-E64A-471C-8012-0D8E59D26ED0}.Debug|Any CPU.Build.0 = Debug|Any CPU
		{326D4CE4-E64A-471C-8012-0D8E59D26ED0}.Release|Any CPU.ActiveCfg = Release|Any CPU
		{326D4CE4-E64A-471C-8012-0D8E59D26ED0}.Release|Any CPU.Build.0 = Release|Any CPU
		{E562D68D-99F8-4FB0-A481-1524DEDA7EE3}.Debug|Any CPU.ActiveCfg = Debug|Any CPU
		{E562D68D-99F8-4FB0-A481-1524DEDA7EE3}.Debug|Any CPU.Build.0 = Debug|Any CPU
		{E562D68D-99F8-4FB0-A481-1524DEDA7EE3}.Release|Any CPU.ActiveCfg = Release|Any CPU
		{E562D68D-99F8-4FB0-A481-1524DEDA7EE3}.Release|Any CPU.Build.0 = Release|Any CPU
	EndGlobalSection
	GlobalSection(SolutionProperties) = preSolution
		HideSolutionNode = FALSE
	EndGlobalSection
EndGlobal
